
Microsoft Visual Studio Solution File, Format Version 12.00
# Visual Studio Version 16
VisualStudioVersion = 16.0.29215.179
MinimumVisualStudioVersion = 10.0.40219.1
Project("{FAE04EC0-301F-11D3-BF4B-00C04F79EFBC}") = "Heroes.Utils.DebugBoot", "Heroes.Utils.DebugBoot\Heroes.Utils.DebugBoot.csproj", "{34336078-FFE8-4617-880D-E2E6E7960087}"
EndProject
Global
	GlobalSection(SolutionConfigurationPlatforms) = preSolution
		Debug|Any CPU = Debug|Any CPU
		Release|Any CPU = Release|Any CPU
	EndGlobalSection
	GlobalSection(ProjectConfigurationPlatforms) = postSolution
		{34336078-FFE8-4617-880D-E2E6E7960087}.Debug|Any CPU.ActiveCfg = Debug|Any CPU
		{34336078-FFE8-4617-880D-E2E6E7960087}.Debug|Any CPU.Build.0 = Debug|Any CPU
		{34336078-FFE8-4617-880D-E2E6E7960087}.Release|Any CPU.ActiveCfg = Release|Any CPU
		{34336078-FFE8-4617-880D-E2E6E7960087}.Release|Any CPU.Build.0 = Release|Any CPU
	EndGlobalSection
	GlobalSection(SolutionProperties) = preSolution
		HideSolutionNode = FALSE
	EndGlobalSection
	GlobalSection(ExtensibilityGlobals) = postSolution
		SolutionGuid = {FB14B559-187D-4D83-B942-384878023C33}
	EndGlobalSection
EndGlobal
